
Microsoft Visual Studio Solution File, Format Version 12.00
# Visual Studio Version 16
VisualStudioVersion = 16.0.31702.278
MinimumVisualStudioVersion = 10.0.40219.1
Project("{FAE04EC0-301F-11D3-BF4B-00C04F79EFBC}") = "PreFinalProject.Android", "PreFinalProject\PreFinalProject.Android\PreFinalProject.Android.csproj", "{5C0B37AF-0BB6-4964-A22C-7D39D01525E4}"
EndProject
Project("{FAE04EC0-301F-11D3-BF4B-00C04F79EFBC}") = "PreFinalProject", "PreFinalProject\PreFinalProject\PreFinalProject.csproj", "{41F63D67-1CF1-4101-80B5-744DF3404637}"
EndProject
Global
	GlobalSection(SolutionConfigurationPlatforms) = preSolution
		Debug|Any CPU = Debug|Any CPU
		Release|Any CPU = Release|Any CPU
	EndGlobalSection
	GlobalSection(ProjectConfigurationPlatforms) = postSolution
		{5C0B37AF-0BB6-4964-A22C-7D39D01525E4}.Debug|Any CPU.ActiveCfg = Debug|Any CPU
		{5C0B37AF-0BB6-4964-A22C-7D39D01525E4}.Debug|Any CPU.Build.0 = Debug|Any CPU
		{5C0B37AF-0BB6-4964-A22C-7D39D01525E4}.Debug|Any CPU.Deploy.0 = Debug|Any CPU
		{5C0B37AF-0BB6-4964-A22C-7D39D01525E4}.Release|Any CPU.ActiveCfg = Release|Any CPU
		{5C0B37AF-0BB6-4964-A22C-7D39D01525E4}.Release|Any CPU.Build.0 = Release|Any CPU
		{5C0B37AF-0BB6-4964-A22C-7D39D01525E4}.Release|Any CPU.Deploy.0 = Release|Any CPU
		{41F63D67-1CF1-4101-80B5-744DF3404637}.Debug|Any CPU.ActiveCfg = Debug|Any CPU
		{41F63D67-1CF1-4101-80B5-744DF3404637}.Debug|Any CPU.Build.0 = Debug|Any CPU
		{41F63D67-1CF1-4101-80B5-744DF3404637}.Debug|Any CPU.Deploy.0 = Debug|Any CPU
		{41F63D67-1CF1-4101-80B5-744DF3404637}.Release|Any CPU.ActiveCfg = Release|Any CPU
		{41F63D67-1CF1-4101-80B5-744DF3404637}.Release|Any CPU.Build.0 = Release|Any CPU
		{41F63D67-1CF1-4101-80B5-744DF3404637}.Release|Any CPU.Deploy.0 = Release|Any CPU
	EndGlobalSection
	GlobalSection(SolutionProperties) = preSolution
		HideSolutionNode = FALSE
	EndGlobalSection
	GlobalSection(ExtensibilityGlobals) = postSolution
		SolutionGuid = {72F80EB7-22D1-4C25-9B01-6F8AAE20E882}
	EndGlobalSection
EndGlobal
